// !$*UTF8*$!
{
	archiveVersion = 1;
	classes = {
	};
	objectVersion = 50;
	objects = {

/* Begin PBXBuildFile section */
		453D9EE021395D2E0081401D /* AppExecutors.swift in Sources */ = {isa = PBXBuildFile; fileRef = 453D9EDF21395D2E0081401D /* AppExecutors.swift */; };
		453D9EE22139642E0081401D /* GenreViewModel.swift in Sources */ = {isa = PBXBuildFile; fileRef = 453D9EE12139642E0081401D /* GenreViewModel.swift */; };
		453D9EE521396DD40081401D /* Resource.swift in Sources */ = {isa = PBXBuildFile; fileRef = 453D9EE421396DD40081401D /* Resource.swift */; };
		453D9EE7213975850081401D /* NetworkService.swift in Sources */ = {isa = PBXBuildFile; fileRef = 453D9EE6213975850081401D /* NetworkService.swift */; };
		453D9EEA2139786A0081401D /* AppKeys.swift in Sources */ = {isa = PBXBuildFile; fileRef = 453D9EE92139786A0081401D /* AppKeys.swift */; };
		453D9EEC21397DEC0081401D /* GenreResponse.swift in Sources */ = {isa = PBXBuildFile; fileRef = 453D9EEB21397DEC0081401D /* GenreResponse.swift */; };
		453D9EF221397FFA0081401D /* Genre.swift in Sources */ = {isa = PBXBuildFile; fileRef = 453D9EF121397FFA0081401D /* Genre.swift */; };
		453D9EF42139804F0081401D /* JsonKeys.swift in Sources */ = {isa = PBXBuildFile; fileRef = 453D9EF32139804F0081401D /* JsonKeys.swift */; };
		453D9EF6213985DB0081401D /* Reposirory.swift in Sources */ = {isa = PBXBuildFile; fileRef = 453D9EF5213985DB0081401D /* Reposirory.swift */; };
		453D9EF82139869F0081401D /* NetworkBoundSources.swift in Sources */ = {isa = PBXBuildFile; fileRef = 453D9EF72139869F0081401D /* NetworkBoundSources.swift */; };
		45464457213809ED0001A339 /* AppDelegate.swift in Sources */ = {isa = PBXBuildFile; fileRef = 45464456213809ED0001A339 /* AppDelegate.swift */; };
		45464459213809ED0001A339 /* ViewController.swift in Sources */ = {isa = PBXBuildFile; fileRef = 45464458213809ED0001A339 /* ViewController.swift */; };
		4546445C213809ED0001A339 /* Main.storyboard in Resources */ = {isa = PBXBuildFile; fileRef = 4546445A213809ED0001A339 /* Main.storyboard */; };
		4546445F213809ED0001A339 /* MovieExplorer.xcdatamodeld in Sources */ = {isa = PBXBuildFile; fileRef = 4546445D213809ED0001A339 /* MovieExplorer.xcdatamodeld */; };
		45464461213809F20001A339 /* Assets.xcassets in Resources */ = {isa = PBXBuildFile; fileRef = 45464460213809F20001A339 /* Assets.xcassets */; };
		45464464213809F20001A339 /* LaunchScreen.storyboard in Resources */ = {isa = PBXBuildFile; fileRef = 45464462213809F20001A339 /* LaunchScreen.storyboard */; };
		4546446E213816DF0001A339 /* GenreViewController.swift in Sources */ = {isa = PBXBuildFile; fileRef = 4546446D213816DF0001A339 /* GenreViewController.swift */; };
		45464471213817510001A339 /* GenreTableViewCell.swift in Sources */ = {isa = PBXBuildFile; fileRef = 45464470213817510001A339 /* GenreTableViewCell.swift */; };
		45464475213818BA0001A339 /* MovieViewController.swift in Sources */ = {isa = PBXBuildFile; fileRef = 45464474213818BA0001A339 /* MovieViewController.swift */; };
		4558ABED213D6D3800C25AD6 /* NetworkBoundSourcesGenre.swift in Sources */ = {isa = PBXBuildFile; fileRef = 4558ABEC213D6D3800C25AD6 /* NetworkBoundSourcesGenre.swift */; };
		4558ABEF213D6DB800C25AD6 /* MovieResponse.swift in Sources */ = {isa = PBXBuildFile; fileRef = 4558ABEE213D6DB800C25AD6 /* MovieResponse.swift */; };
		4558ABF1213D6DDA00C25AD6 /* Movie.swift in Sources */ = {isa = PBXBuildFile; fileRef = 4558ABF0213D6DDA00C25AD6 /* Movie.swift */; };
		4558ABF3213D70FF00C25AD6 /* NetworkBoundSourcesMovie.swift in Sources */ = {isa = PBXBuildFile; fileRef = 4558ABF2213D70FF00C25AD6 /* NetworkBoundSourcesMovie.swift */; };
		4558ABF5213D737600C25AD6 /* MovieTableViewCell.swift in Sources */ = {isa = PBXBuildFile; fileRef = 4558ABF4213D737600C25AD6 /* MovieTableViewCell.swift */; };
		4558ABF7213D738500C25AD6 /* MovieViewModel.swift in Sources */ = {isa = PBXBuildFile; fileRef = 4558ABF6213D738500C25AD6 /* MovieViewModel.swift */; };
		9B714AA4E6F5F316C5514842 /* Pods_MovieExplorer.framework in Frameworks */ = {isa = PBXBuildFile; fileRef = 4937A612FAF462F0E9518C94 /* Pods_MovieExplorer.framework */; };
/* End PBXBuildFile section */

/* Begin PBXFileReference section */
		139C8BED847103174C2FE1B5 /* Pods-MovieExplorer.debug.xcconfig */ = {isa = PBXFileReference; includeInIndex = 1; lastKnownFileType = text.xcconfig; name = "Pods-MovieExplorer.debug.xcconfig"; path = "Pods/Target Support Files/Pods-MovieExplorer/Pods-MovieExplorer.debug.xcconfig"; sourceTree = "<group>"; };
		453D9EDF21395D2E0081401D /* AppExecutors.swift */ = {isa = PBXFileReference; lastKnownFileType = sourcecode.swift; path = AppExecutors.swift; sourceTree = "<group>"; };
		453D9EE12139642E0081401D /* GenreViewModel.swift */ = {isa = PBXFileReference; lastKnownFileType = sourcecode.swift; path = GenreViewModel.swift; sourceTree = "<group>"; };
		453D9EE421396DD40081401D /* Resource.swift */ = {isa = PBXFileReference; lastKnownFileType = sourcecode.swift; path = Resource.swift; sourceTree = "<group>"; };
		453D9EE6213975850081401D /* NetworkService.swift */ = {isa = PBXFileReference; lastKnownFileType = sourcecode.swift; path = NetworkService.swift; sourceTree = "<group>"; };
		453D9EE92139786A0081401D /* AppKeys.swift */ = {isa = PBXFileReference; lastKnownFileType = sourcecode.swift; path = AppKeys.swift; sourceTree = "<group>"; };
		453D9EEB21397DEC0081401D /* GenreResponse.swift */ = {isa = PBXFileReference; lastKnownFileType = sourcecode.swift; path = GenreResponse.swift; sourceTree = "<group>"; };
		453D9EF121397FFA0081401D /* Genre.swift */ = {isa = PBXFileReference; lastKnownFileType = sourcecode.swift; path = Genre.swift; sourceTree = "<group>"; };
		453D9EF32139804F0081401D /* JsonKeys.swift */ = {isa = PBXFileReference; lastKnownFileType = sourcecode.swift; path = JsonKeys.swift; sourceTree = "<group>"; };
		453D9EF5213985DB0081401D /* Reposirory.swift */ = {isa = PBXFileReference; lastKnownFileType = sourcecode.swift; path = Reposirory.swift; sourceTree = "<group>"; };
		453D9EF72139869F0081401D /* NetworkBoundSources.swift */ = {isa = PBXFileReference; lastKnownFileType = sourcecode.swift; path = NetworkBoundSources.swift; sourceTree = "<group>"; };
		45464453213809ED0001A339 /* MovieExplorer.app */ = {isa = PBXFileReference; explicitFileType = wrapper.application; includeInIndex = 0; path = MovieExplorer.app; sourceTree = BUILT_PRODUCTS_DIR; };
		45464456213809ED0001A339 /* AppDelegate.swift */ = {isa = PBXFileReference; lastKnownFileType = sourcecode.swift; path = AppDelegate.swift; sourceTree = "<group>"; };
		45464458213809ED0001A339 /* ViewController.swift */ = {isa = PBXFileReference; lastKnownFileType = sourcecode.swift; path = ViewController.swift; sourceTree = "<group>"; };
		4546445B213809ED0001A339 /* Base */ = {isa = PBXFileReference; lastKnownFileType = file.storyboard; name = Base; path = Base.lproj/Main.storyboard; sourceTree = "<group>"; };
		4546445E213809ED0001A339 /* MovieExplorer.xcdatamodel */ = {isa = PBXFileReference; lastKnownFileType = wrapper.xcdatamodel; path = MovieExplorer.xcdatamodel; sourceTree = "<group>"; };
		45464460213809F20001A339 /* Assets.xcassets */ = {isa = PBXFileReference; lastKnownFileType = folder.assetcatalog; path = Assets.xcassets; sourceTree = "<group>"; };
		45464463213809F20001A339 /* Base */ = {isa = PBXFileReference; lastKnownFileType = file.storyboard; name = Base; path = Base.lproj/LaunchScreen.storyboard; sourceTree = "<group>"; };
		45464465213809F20001A339 /* Info.plist */ = {isa = PBXFileReference; lastKnownFileType = text.plist.xml; path = Info.plist; sourceTree = "<group>"; };
		4546446D213816DF0001A339 /* GenreViewController.swift */ = {isa = PBXFileReference; lastKnownFileType = sourcecode.swift; path = GenreViewController.swift; sourceTree = "<group>"; };
		45464470213817510001A339 /* GenreTableViewCell.swift */ = {isa = PBXFileReference; lastKnownFileType = sourcecode.swift; path = GenreTableViewCell.swift; sourceTree = "<group>"; };
		45464474213818BA0001A339 /* MovieViewController.swift */ = {isa = PBXFileReference; lastKnownFileType = sourcecode.swift; path = MovieViewController.swift; sourceTree = "<group>"; };
		4558ABEC213D6D3800C25AD6 /* NetworkBoundSourcesGenre.swift */ = {isa = PBXFileReference; fileEncoding = 4; lastKnownFileType = sourcecode.swift; path = NetworkBoundSourcesGenre.swift; sourceTree = "<group>"; };
		4558ABEE213D6DB800C25AD6 /* MovieResponse.swift */ = {isa = PBXFileReference; lastKnownFileType = sourcecode.swift; path = MovieResponse.swift; sourceTree = "<group>"; };
		4558ABF0213D6DDA00C25AD6 /* Movie.swift */ = {isa = PBXFileReference; lastKnownFileType = sourcecode.swift; path = Movie.swift; sourceTree = "<group>"; };
		4558ABF2213D70FF00C25AD6 /* NetworkBoundSourcesMovie.swift */ = {isa = PBXFileReference; lastKnownFileType = sourcecode.swift; path = NetworkBoundSourcesMovie.swift; sourceTree = "<group>"; };
		4558ABF4213D737600C25AD6 /* MovieTableViewCell.swift */ = {isa = PBXFileReference; lastKnownFileType = sourcecode.swift; path = MovieTableViewCell.swift; sourceTree = "<group>"; };
		4558ABF6213D738500C25AD6 /* MovieViewModel.swift */ = {isa = PBXFileReference; lastKnownFileType = sourcecode.swift; path = MovieViewModel.swift; sourceTree = "<group>"; };
		4937A612FAF462F0E9518C94 /* Pods_MovieExplorer.framework */ = {isa = PBXFileReference; explicitFileType = wrapper.framework; includeInIndex = 0; path = Pods_MovieExplorer.framework; sourceTree = BUILT_PRODUCTS_DIR; };
		745650FDFBBFE5FC9E97880D /* Pods-MovieExplorer.release.xcconfig */ = {isa = PBXFileReference; includeInIndex = 1; lastKnownFileType = text.xcconfig; name = "Pods-MovieExplorer.release.xcconfig"; path = "Pods/Target Support Files/Pods-MovieExplorer/Pods-MovieExplorer.release.xcconfig"; sourceTree = "<group>"; };
/* End PBXFileReference section */

/* Begin PBXFrameworksBuildPhase section */
		45464450213809ED0001A339 /* Frameworks */ = {
			isa = PBXFrameworksBuildPhase;
			buildActionMask = 2147483647;
			files = (
				9B714AA4E6F5F316C5514842 /* Pods_MovieExplorer.framework in Frameworks */,
			);
			runOnlyForDeploymentPostprocessing = 0;
		};
/* End PBXFrameworksBuildPhase section */

/* Begin PBXGroup section */
		01699FA37F41D5182F2521EA /* Pods */ = {
			isa = PBXGroup;
			children = (
				139C8BED847103174C2FE1B5 /* Pods-MovieExplorer.debug.xcconfig */,
				745650FDFBBFE5FC9E97880D /* Pods-MovieExplorer.release.xcconfig */,
			);
			name = Pods;
			sourceTree = "<group>";
		};
		0BE78FD7673A818CB71A047A /* Frameworks */ = {
			isa = PBXGroup;
			children = (
				4937A612FAF462F0E9518C94 /* Pods_MovieExplorer.framework */,
			);
			name = Frameworks;
			sourceTree = "<group>";
		};
		453D9EDE21395CFB0081401D /* utils */ = {
			isa = PBXGroup;
			children = (
				453D9EDF21395D2E0081401D /* AppExecutors.swift */,
				453D9EE92139786A0081401D /* AppKeys.swift */,
			);
			path = utils;
			sourceTree = "<group>";
		};
		453D9EE321396DBC0081401D /* datasources */ = {
			isa = PBXGroup;
			children = (
				453D9EE421396DD40081401D /* Resource.swift */,
				453D9EF5213985DB0081401D /* Reposirory.swift */,
				453D9EF72139869F0081401D /* NetworkBoundSources.swift */,
				4558ABEC213D6D3800C25AD6 /* NetworkBoundSourcesGenre.swift */,
				4558ABF2213D70FF00C25AD6 /* NetworkBoundSourcesMovie.swift */,
			);
			path = datasources;
			sourceTree = "<group>";
		};
		453D9EE8213975EE0081401D /* network */ = {
			isa = PBXGroup;
			children = (
				453D9EEB21397DEC0081401D /* GenreResponse.swift */,
				453D9EF32139804F0081401D /* JsonKeys.swift */,
				4558ABEE213D6DB800C25AD6 /* MovieResponse.swift */,
				453D9EE6213975850081401D /* NetworkService.swift */,
			);
			path = network;
			sourceTree = "<group>";
		};
		4546444A213809ED0001A339 = {
			isa = PBXGroup;
			children = (
				45464455213809ED0001A339 /* MovieExplorer */,
				45464454213809ED0001A339 /* Products */,
				01699FA37F41D5182F2521EA /* Pods */,
				0BE78FD7673A818CB71A047A /* Frameworks */,
			);
			sourceTree = "<group>";
		};
		45464454213809ED0001A339 /* Products */ = {
			isa = PBXGroup;
			children = (
				45464453213809ED0001A339 /* MovieExplorer.app */,
			);
			name = Products;
			sourceTree = "<group>";
		};
		45464455213809ED0001A339 /* MovieExplorer */ = {
			isa = PBXGroup;
			children = (
				453D9EE8213975EE0081401D /* network */,
				453D9EE321396DBC0081401D /* datasources */,
				45464472213818930001A339 /* genres */,
				4546446B213816870001A339 /* model */,
				454644732138189B0001A339 /* movie */,
				453D9EDE21395CFB0081401D /* utils */,
				45464456213809ED0001A339 /* AppDelegate.swift */,
				45464458213809ED0001A339 /* ViewController.swift */,
				4546445A213809ED0001A339 /* Main.storyboard */,
				45464460213809F20001A339 /* Assets.xcassets */,
				45464462213809F20001A339 /* LaunchScreen.storyboard */,
				45464465213809F20001A339 /* Info.plist */,
				4546445D213809ED0001A339 /* MovieExplorer.xcdatamodeld */,
			);
			path = MovieExplorer;
			sourceTree = "<group>";
		};
		4546446B213816870001A339 /* model */ = {
			isa = PBXGroup;
			children = (
				453D9EF121397FFA0081401D /* Genre.swift */,
				4558ABF0213D6DDA00C25AD6 /* Movie.swift */,
			);
			path = model;
			sourceTree = "<group>";
		};
		45464472213818930001A339 /* genres */ = {
			isa = PBXGroup;
			children = (
				45464470213817510001A339 /* GenreTableViewCell.swift */,
				4546446D213816DF0001A339 /* GenreViewController.swift */,
				453D9EE12139642E0081401D /* GenreViewModel.swift */,
			);
			path = genres;
			sourceTree = "<group>";
		};
		454644732138189B0001A339 /* movie */ = {
			isa = PBXGroup;
			children = (
				45464474213818BA0001A339 /* MovieViewController.swift */,
				4558ABF4213D737600C25AD6 /* MovieTableViewCell.swift */,
				4558ABF6213D738500C25AD6 /* MovieViewModel.swift */,
			);
			path = movie;
			sourceTree = "<group>";
		};
/* End PBXGroup section */

/* Begin PBXNativeTarget section */
		45464452213809ED0001A339 /* MovieExplorer */ = {
			isa = PBXNativeTarget;
			buildConfigurationList = 45464468213809F20001A339 /* Build configuration list for PBXNativeTarget "MovieExplorer" */;
			buildPhases = (
				F16810ABCFC5172F18355C97 /* [CP] Check Pods Manifest.lock */,
				4546444F213809ED0001A339 /* Sources */,
				45464450213809ED0001A339 /* Frameworks */,
				45464451213809ED0001A339 /* Resources */,
				EC36D7FFF6091397E90BD951 /* [CP] Embed Pods Frameworks */,
			);
			buildRules = (
			);
			dependencies = (
			);
			name = MovieExplorer;
			productName = MovieExplorer;
			productReference = 45464453213809ED0001A339 /* MovieExplorer.app */;
			productType = "com.apple.product-type.application";
		};
/* End PBXNativeTarget section */

/* Begin PBXProject section */
		4546444B213809ED0001A339 /* Project object */ = {
			isa = PBXProject;
			attributes = {
				LastSwiftUpdateCheck = 0930;
				LastUpgradeCheck = 0930;
				ORGANIZATIONNAME = artus;
				TargetAttributes = {
					45464452213809ED0001A339 = {
						CreatedOnToolsVersion = 9.3.1;
					};
				};
			};
			buildConfigurationList = 4546444E213809ED0001A339 /* Build configuration list for PBXProject "MovieExplorer" */;
			compatibilityVersion = "Xcode 9.3";
			developmentRegion = en;
			hasScannedForEncodings = 0;
			knownRegions = (
				en,
				Base,
			);
			mainGroup = 4546444A213809ED0001A339;
			productRefGroup = 45464454213809ED0001A339 /* Products */;
			projectDirPath = "";
			projectRoot = "";
			targets = (
				45464452213809ED0001A339 /* MovieExplorer */,
			);
		};
/* End PBXProject section */

/* Begin PBXResourcesBuildPhase section */
		45464451213809ED0001A339 /* Resources */ = {
			isa = PBXResourcesBuildPhase;
			buildActionMask = 2147483647;
			files = (
				45464464213809F20001A339 /* LaunchScreen.storyboard in Resources */,
				45464461213809F20001A339 /* Assets.xcassets in Resources */,
				4546445C213809ED0001A339 /* Main.storyboard in Resources */,
			);
			runOnlyForDeploymentPostprocessing = 0;
		};
/* End PBXResourcesBuildPhase section */

/* Begin PBXShellScriptBuildPhase section */
		EC36D7FFF6091397E90BD951 /* [CP] Embed Pods Frameworks */ = {
			isa = PBXShellScriptBuildPhase;
			buildActionMask = 2147483647;
			files = (
			);
			inputPaths = (
				"${SRCROOT}/Pods/Target Support Files/Pods-MovieExplorer/Pods-MovieExplorer-frameworks.sh",
				"${BUILT_PRODUCTS_DIR}/Alamofire/Alamofire.framework",
				"${BUILT_PRODUCTS_DIR}/RxSwift/RxSwift.framework",
				"${BUILT_PRODUCTS_DIR}/SwiftyJSON/SwiftyJSON.framework",
			);
			name = "[CP] Embed Pods Frameworks";
			outputPaths = (
				"${TARGET_BUILD_DIR}/${FRAMEWORKS_FOLDER_PATH}/Alamofire.framework",
				"${TARGET_BUILD_DIR}/${FRAMEWORKS_FOLDER_PATH}/RxSwift.framework",
				"${TARGET_BUILD_DIR}/${FRAMEWORKS_FOLDER_PATH}/SwiftyJSON.framework",
			);
			runOnlyForDeploymentPostprocessing = 0;
			shellPath = /bin/sh;
			shellScript = "\"${SRCROOT}/Pods/Target Support Files/Pods-MovieExplorer/Pods-MovieExplorer-frameworks.sh\"\n";
			showEnvVarsInLog = 0;
		};
		F16810ABCFC5172F18355C97 /* [CP] Check Pods Manifest.lock */ = {
			isa = PBXShellScriptBuildPhase;
			buildActionMask = 2147483647;
			files = (
			);
			inputPaths = (
				"${PODS_PODFILE_DIR_PATH}/Podfile.lock",
				"${PODS_ROOT}/Manifest.lock",
			);
			name = "[CP] Check Pods Manifest.lock";
			outputPaths = (
				"$(DERIVED_FILE_DIR)/Pods-MovieExplorer-checkManifestLockResult.txt",
			);
			runOnlyForDeploymentPostprocessing = 0;
			shellPath = /bin/sh;
			shellScript = "diff \"${PODS_PODFILE_DIR_PATH}/Podfile.lock\" \"${PODS_ROOT}/Manifest.lock\" > /dev/null\nif [ $? != 0 ] ; then\n    # print error to STDERR\n    echo \"error: The sandbox is not in sync with the Podfile.lock. Run 'pod install' or update your CocoaPods installation.\" >&2\n    exit 1\nfi\n# This output is used by Xcode 'outputs' to avoid re-running this script phase.\necho \"SUCCESS\" > \"${SCRIPT_OUTPUT_FILE_0}\"\n";
			showEnvVarsInLog = 0;
		};
/* End PBXShellScriptBuildPhase section */

/* Begin PBXSourcesBuildPhase section */
		4546444F213809ED0001A339 /* Sources */ = {
			isa = PBXSourcesBuildPhase;
			buildActionMask = 2147483647;
			files = (
				4558ABF1213D6DDA00C25AD6 /* Movie.swift in Sources */,
				453D9EE7213975850081401D /* NetworkService.swift in Sources */,
				4558ABF5213D737600C25AD6 /* MovieTableViewCell.swift in Sources */,
				453D9EE021395D2E0081401D /* AppExecutors.swift in Sources */,
				4546446E213816DF0001A339 /* GenreViewController.swift in Sources */,
				45464459213809ED0001A339 /* ViewController.swift in Sources */,
				453D9EE521396DD40081401D /* Resource.swift in Sources */,
				4558ABED213D6D3800C25AD6 /* NetworkBoundSourcesGenre.swift in Sources */,
				4558ABF3213D70FF00C25AD6 /* NetworkBoundSourcesMovie.swift in Sources */,
				45464471213817510001A339 /* GenreTableViewCell.swift in Sources */,
				453D9EE22139642E0081401D /* GenreViewModel.swift in Sources */,
				45464457213809ED0001A339 /* AppDelegate.swift in Sources */,
				453D9EEA2139786A0081401D /* AppKeys.swift in Sources */,
				453D9EF42139804F0081401D /* JsonKeys.swift in Sources */,
				453D9EF82139869F0081401D /* NetworkBoundSources.swift in Sources */,
				4546445F213809ED0001A339 /* MovieExplorer.xcdatamodeld in Sources */,
				45464475213818BA0001A339 /* MovieViewController.swift in Sources */,
				453D9EEC21397DEC0081401D /* GenreResponse.swift in Sources */,
				4558ABEF213D6DB800C25AD6 /* MovieResponse.swift in Sources */,
				4558ABF7213D738500C25AD6 /* MovieViewModel.swift in Sources */,
				453D9EF6213985DB0081401D /* Reposirory.swift in Sources */,
				453D9EF221397FFA0081401D /* Genre.swift in Sources */,
			);
			runOnlyForDeploymentPostprocessing = 0;
		};
/* End PBXSourcesBuildPhase section */

/* Begin PBXVariantGroup section */
		4546445A213809ED0001A339 /* Main.storyboard */ = {
			isa = PBXVariantGroup;
			children = (
				4546445B213809ED0001A339 /* Base */,
			);
			name = Main.storyboard;
			sourceTree = "<group>";
		};
		45464462213809F20001A339 /* LaunchScreen.storyboard */ = {
			isa = PBXVariantGroup;
			children = (
				45464463213809F20001A339 /* Base */,
			);
			name = LaunchScreen.storyboard;
			sourceTree = "<group>";
		};
/* End PBXVariantGroup section */

/* Begin XCBuildConfiguration section */
		45464466213809F20001A339 /* Debug */ = {
			isa = XCBuildConfiguration;
			buildSettings = {
				ALWAYS_SEARCH_USER_PATHS = NO;
				CLANG_ANALYZER_NONNULL = YES;
				CLANG_ANALYZER_NUMBER_OBJECT_CONVERSION = YES_AGGRESSIVE;
				CLANG_CXX_LANGUAGE_STANDARD = "gnu++14";
				CLANG_CXX_LIBRARY = "libc++";
				CLANG_ENABLE_MODULES = YES;
				CLANG_ENABLE_OBJC_ARC = YES;
				CLANG_ENABLE_OBJC_WEAK = YES;
				CLANG_WARN_BLOCK_CAPTURE_AUTORELEASING = YES;
				CLANG_WARN_BOOL_CONVERSION = YES;
				CLANG_WARN_COMMA = YES;
				CLANG_WARN_CONSTANT_CONVERSION = YES;
				CLANG_WARN_DEPRECATED_OBJC_IMPLEMENTATIONS = YES;
				CLANG_WARN_DIRECT_OBJC_ISA_USAGE = YES_ERROR;
				CLANG_WARN_DOCUMENTATION_COMMENTS = YES;
				CLANG_WARN_EMPTY_BODY = YES;
				CLANG_WARN_ENUM_CONVERSION = YES;
				CLANG_WARN_INFINITE_RECURSION = YES;
				CLANG_WARN_INT_CONVERSION = YES;
				CLANG_WARN_NON_LITERAL_NULL_CONVERSION = YES;
				CLANG_WARN_OBJC_IMPLICIT_RETAIN_SELF = YES;
				CLANG_WARN_OBJC_LITERAL_CONVERSION = YES;
				CLANG_WARN_OBJC_ROOT_CLASS = YES_ERROR;
				CLANG_WARN_RANGE_LOOP_ANALYSIS = YES;
				CLANG_WARN_STRICT_PROTOTYPES = YES;
				CLANG_WARN_SUSPICIOUS_MOVE = YES;
				CLANG_WARN_UNGUARDED_AVAILABILITY = YES_AGGRESSIVE;
				CLANG_WARN_UNREACHABLE_CODE = YES;
				CLANG_WARN__DUPLICATE_METHOD_MATCH = YES;
				CODE_SIGN_IDENTITY = "iPhone Developer";
				COPY_PHASE_STRIP = NO;
				DEBUG_INFORMATION_FORMAT = dwarf;
				ENABLE_STRICT_OBJC_MSGSEND = YES;
				ENABLE_TESTABILITY = YES;
				GCC_C_LANGUAGE_STANDARD = gnu11;
				GCC_DYNAMIC_NO_PIC = NO;
				GCC_NO_COMMON_BLOCKS = YES;
				GCC_OPTIMIZATION_LEVEL = 0;
				GCC_PREPROCESSOR_DEFINITIONS = (
					"DEBUG=1",
					"$(inherited)",
				);
				GCC_WARN_64_TO_32_BIT_CONVERSION = YES;
				GCC_WARN_ABOUT_RETURN_TYPE = YES_ERROR;
				GCC_WARN_UNDECLARED_SELECTOR = YES;
				GCC_WARN_UNINITIALIZED_AUTOS = YES_AGGRESSIVE;
				GCC_WARN_UNUSED_FUNCTION = YES;
				GCC_WARN_UNUSED_VARIABLE = YES;
				IPHONEOS_DEPLOYMENT_TARGET = 11.3;
				MTL_ENABLE_DEBUG_INFO = YES;
				ONLY_ACTIVE_ARCH = YES;
				SDKROOT = iphoneos;
				SWIFT_ACTIVE_COMPILATION_CONDITIONS = DEBUG;
				SWIFT_OPTIMIZATION_LEVEL = "-Onone";
			};
			name = Debug;
		};
		45464467213809F20001A339 /* Release */ = {
			isa = XCBuildConfiguration;
			buildSettings = {
				ALWAYS_SEARCH_USER_PATHS = NO;
				CLANG_ANALYZER_NONNULL = YES;
				CLANG_ANALYZER_NUMBER_OBJECT_CONVERSION = YES_AGGRESSIVE;
				CLANG_CXX_LANGUAGE_STANDARD = "gnu++14";
				CLANG_CXX_LIBRARY = "libc++";
				CLANG_ENABLE_MODULES = YES;
				CLANG_ENABLE_OBJC_ARC = YES;
				CLANG_ENABLE_OBJC_WEAK = YES;
				CLANG_WARN_BLOCK_CAPTURE_AUTORELEASING = YES;
				CLANG_WARN_BOOL_CONVERSION = YES;
				CLANG_WARN_COMMA = YES;
				CLANG_WARN_CONSTANT_CONVERSION = YES;
				CLANG_WARN_DEPRECATED_OBJC_IMPLEMENTATIONS = YES;
				CLANG_WARN_DIRECT_OBJC_ISA_USAGE = YES_ERROR;
				CLANG_WARN_DOCUMENTATION_COMMENTS = YES;
				CLANG_WARN_EMPTY_BODY = YES;
				CLANG_WARN_ENUM_CONVERSION = YES;
				CLANG_WARN_INFINITE_RECURSION = YES;
				CLANG_WARN_INT_CONVERSION = YES;
				CLANG_WARN_NON_LITERAL_NULL_CONVERSION = YES;
				CLANG_WARN_OBJC_IMPLICIT_RETAIN_SELF = YES;
				CLANG_WARN_OBJC_LITERAL_CONVERSION = YES;
				CLANG_WARN_OBJC_ROOT_CLASS = YES_ERROR;
				CLANG_WARN_RANGE_LOOP_ANALYSIS = YES;
				CLANG_WARN_STRICT_PROTOTYPES = YES;
				CLANG_WARN_SUSPICIOUS_MOVE = YES;
				CLANG_WARN_UNGUARDED_AVAILABILITY = YES_AGGRESSIVE;
				CLANG_WARN_UNREACHABLE_CODE = YES;
				CLANG_WARN__DUPLICATE_METHOD_MATCH = YES;
				CODE_SIGN_IDENTITY = "iPhone Developer";
				COPY_PHASE_STRIP = NO;
				DEBUG_INFORMATION_FORMAT = "dwarf-with-dsym";
				ENABLE_NS_ASSERTIONS = NO;
				ENABLE_STRICT_OBJC_MSGSEND = YES;
				GCC_C_LANGUAGE_STANDARD = gnu11;
				GCC_NO_COMMON_BLOCKS = YES;
				GCC_WARN_64_TO_32_BIT_CONVERSION = YES;
				GCC_WARN_ABOUT_RETURN_TYPE = YES_ERROR;
				GCC_WARN_UNDECLARED_SELECTOR = YES;
				GCC_WARN_UNINITIALIZED_AUTOS = YES_AGGRESSIVE;
				GCC_WARN_UNUSED_FUNCTION = YES;
				GCC_WARN_UNUSED_VARIABLE = YES;
				IPHONEOS_DEPLOYMENT_TARGET = 11.3;
				MTL_ENABLE_DEBUG_INFO = NO;
				SDKROOT = iphoneos;
				SWIFT_COMPILATION_MODE = wholemodule;
				SWIFT_OPTIMIZATION_LEVEL = "-O";
				VALIDATE_PRODUCT = YES;
			};
			name = Release;
		};
		45464469213809F20001A339 /* Debug */ = {
			isa = XCBuildConfiguration;
			baseConfigurationReference = 139C8BED847103174C2FE1B5 /* Pods-MovieExplorer.debug.xcconfig */;
			buildSettings = {
				ASSETCATALOG_COMPILER_APPICON_NAME = AppIcon;
				CODE_SIGN_IDENTITY = "iPhone Developer";
				CODE_SIGN_STYLE = Manual;
				DEVELOPMENT_TEAM = "";
				INFOPLIST_FILE = MovieExplorer/Info.plist;
				LD_RUNPATH_SEARCH_PATHS = (
					"$(inherited)",
					"@executable_path/Frameworks",
				);
				PRODUCT_BUNDLE_IDENTIFIER = artus.MovieExplorer;
				PRODUCT_NAME = "$(TARGET_NAME)";
				PROVISIONING_PROFILE_SPECIFIER = "";
				SWIFT_VERSION = 4.0;
				TARGETED_DEVICE_FAMILY = "1,2";
			};
			name = Debug;
		};
		4546446A213809F20001A339 /* Release */ = {
			isa = XCBuildConfiguration;
			baseConfigurationReference = 745650FDFBBFE5FC9E97880D /* Pods-MovieExplorer.release.xcconfig */;
			buildSettings = {
				ASSETCATALOG_COMPILER_APPICON_NAME = AppIcon;
				CODE_SIGN_IDENTITY = "iPhone Developer";
				CODE_SIGN_STYLE = Manual;
				DEVELOPMENT_TEAM = "";
				INFOPLIST_FILE = MovieExplorer/Info.plist;
				LD_RUNPATH_SEARCH_PATHS = (
					"$(inherited)",
					"@executable_path/Frameworks",
				);
				PRODUCT_BUNDLE_IDENTIFIER = artus.MovieExplorer;
				PRODUCT_NAME = "$(TARGET_NAME)";
				PROVISIONING_PROFILE_SPECIFIER = "";
				SWIFT_VERSION = 4.0;
				TARGETED_DEVICE_FAMILY = "1,2";
			};
			name = Release;
		};
/* End XCBuildConfiguration section */

/* Begin XCConfigurationList section */
		4546444E213809ED0001A339 /* Build configuration list for PBXProject "MovieExplorer" */ = {
			isa = XCConfigurationList;
			buildConfigurations = (
				45464466213809F20001A339 /* Debug */,
				45464467213809F20001A339 /* Release */,
			);
			defaultConfigurationIsVisible = 0;
			defaultConfigurationName = Release;
		};
		45464468213809F20001A339 /* Build configuration list for PBXNativeTarget "MovieExplorer" */ = {
			isa = XCConfigurationList;
			buildConfigurations = (
				45464469213809F20001A339 /* Debug */,
				4546446A213809F20001A339 /* Release */,
			);
			defaultConfigurationIsVisible = 0;
			defaultConfigurationName = Release;
		};
/* End XCConfigurationList section */

/* Begin XCVersionGroup section */
		4546445D213809ED0001A339 /* MovieExplorer.xcdatamodeld */ = {
			isa = XCVersionGroup;
			children = (
				4546445E213809ED0001A339 /* MovieExplorer.xcdatamodel */,
			);
			currentVersion = 4546445E213809ED0001A339 /* MovieExplorer.xcdatamodel */;
			path = MovieExplorer.xcdatamodeld;
			sourceTree = "<group>";
			versionGroupType = wrapper.xcdatamodel;
		};
/* End XCVersionGroup section */
	};
	rootObject = 4546444B213809ED0001A339 /* Project object */;
}
